
Microsoft Visual Studio Solution File, Format Version 12.00
# Visual Studio Version 17
VisualStudioVersion = 17.4.33213.308
MinimumVisualStudioVersion = 10.0.40219.1
Project("{8BC9CEB8-8B4A-11D0-8D11-00A0C91BC942}") = "Step_by_step", "LR2_copy\LR2_copy.vcxproj", "{65F106EF-0C8B-4C2A-8FA5-4B369BD3E868}"
EndProject
Global
	GlobalSection(SolutionConfigurationPlatforms) = preSolution
		Debug|x64 = Debug|x64
		Debug|x86 = Debug|x86
		Release|x64 = Release|x64
		Release|x86 = Release|x86
	EndGlobalSection
	GlobalSection(ProjectConfigurationPlatforms) = postSolution
		{65F106EF-0C8B-4C2A-8FA5-4B369BD3E868}.Debug|x64.ActiveCfg = Debug|x64
		{65F106EF-0C8B-4C2A-8FA5-4B369BD3E868}.Debug|x64.Build.0 = Debug|x64
		{65F106EF-0C8B-4C2A-8FA5-4B369BD3E868}.Debug|x86.ActiveCfg = Debug|Win32
		{65F106EF-0C8B-4C2A-8FA5-4B369BD3E868}.Debug|x86.Build.0 = Debug|Win32
		{65F106EF-0C8B-4C2A-8FA5-4B369BD3E868}.Release|x64.ActiveCfg = Release|x64
		{65F106EF-0C8B-4C2A-8FA5-4B369BD3E868}.Release|x64.Build.0 = Release|x64
		{65F106EF-0C8B-4C2A-8FA5-4B369BD3E868}.Release|x86.ActiveCfg = Release|Win32
		{65F106EF-0C8B-4C2A-8FA5-4B369BD3E868}.Release|x86.Build.0 = Release|Win32
	EndGlobalSection
	GlobalSection(SolutionProperties) = preSolution
		HideSolutionNode = FALSE
	EndGlobalSection
	GlobalSection(ExtensibilityGlobals) = postSolution
		SolutionGuid = {FB870E20-AA45-4EE6-9BE6-DE9AAD2786BB}
	EndGlobalSection
EndGlobal
